
Microsoft Visual Studio Solution File, Format Version 12.00
# Visual Studio 15
VisualStudioVersion = 15.0.27703.2042
MinimumVisualStudioVersion = 10.0.40219.1
Project("{2150E333-8FDC-42A3-9474-1A3956D46DE8}") = "App", "App", "{405071E3-552A-4024-BD37-3CD84124462D}"
EndProject
Project("{2150E333-8FDC-42A3-9474-1A3956D46DE8}") = "Components", "Components", "{6689FAEA-F822-4D37-96D7-2709BA68CBD0}"
EndProject
Project("{2150E333-8FDC-42A3-9474-1A3956D46DE8}") = "DataCenter", "DataCenter", "{6BDDCC4A-2330-4DE2-80DC-6979910BAEBA}"
EndProject
Project("{2150E333-8FDC-42A3-9474-1A3956D46DE8}") = "FileServer", "FileServer", "{0FF935CA-CEC9-49F4-91A4-841CE99192C3}"
EndProject
Project("{9A19103F-16F7-4668-BE54-9A1E7A4F7556}") = "Dream.Admin", "..\App\Admin\Dream.Admin\Dream.Admin.csproj", "{DAC92A17-2408-4304-814F-0AB76761D7B7}"
EndProject
Project("{2150E333-8FDC-42A3-9474-1A3956D46DE8}") = "Admin", "Admin", "{525F8337-A70E-4487-B406-8CEF805193DE}"
EndProject
Project("{2150E333-8FDC-42A3-9474-1A3956D46DE8}") = "Android", "Android", "{AD72D3E1-DF26-4F5F-84A3-D88ACFC7B691}"
EndProject
Project("{2150E333-8FDC-42A3-9474-1A3956D46DE8}") = "Ios", "Ios", "{81408D3B-D0FE-4AB0-B4B8-8C057C6EB8D2}"
EndProject
Project("{9A19103F-16F7-4668-BE54-9A1E7A4F7556}") = "Dream.ExceptionHandler", "..\Components\Dream.ExceptionHandler\Dream.ExceptionHandler.csproj", "{0B199C5B-076E-4606-83EE-6F357BBEADD6}"
EndProject
Project("{9A19103F-16F7-4668-BE54-9A1E7A4F7556}") = "Dream.Logger", "..\Components\Dream.Logger\Dream.Logger.csproj", "{2C2C4045-EE21-42A2-A688-4259C13B2D5C}"
EndProject
Project("{9A19103F-16F7-4668-BE54-9A1E7A4F7556}") = "Dream.Model", "..\Components\Dream.Model\Dream.Model.csproj", "{884EDC9B-45CD-49E4-9836-25D606FA2AAA}"
EndProject
Project("{9A19103F-16F7-4668-BE54-9A1E7A4F7556}") = "Dream.Security", "..\Components\Dream.Security\Dream.Security.csproj", "{EBF7CA16-76CD-4B00-AA59-648AD9F627CE}"
EndProject
Project("{9A19103F-16F7-4668-BE54-9A1E7A4F7556}") = "Dream.Security.Tester", "..\Components\Dream.Security.Tester\Dream.Security.Tester.csproj", "{7E8E2388-505F-4627-BBE4-E5B1D7E97057}"
EndProject
Project("{9A19103F-16F7-4668-BE54-9A1E7A4F7556}") = "Dream.Util", "..\Components\Dream.Util\Dream.Util.csproj", "{DC048615-82C2-481B-8AE9-3A8C5DB31FC8}"
EndProject
Project("{9A19103F-16F7-4668-BE54-9A1E7A4F7556}") = "Dream.DataAccess", "..\DataCenter\DataApi\Dream.DataAccess\Dream.DataAccess.csproj", "{A66D1369-B9A5-4146-87CC-9E50A8F979E1}"
EndProject
Project("{9A19103F-16F7-4668-BE54-9A1E7A4F7556}") = "Dream.DataApi", "..\DataCenter\DataApi\Dream.DataApi\Dream.DataApi.csproj", "{781CEEFA-6AA7-49A5-B9E6-40B795F45A7A}"
EndProject
Project("{9A19103F-16F7-4668-BE54-9A1E7A4F7556}") = "Dream.FileServer", "..\FileServer\Dream.FileServer\Dream.FileServer.csproj", "{14252B40-B09B-45D1-9F25-6C61EB077923}"
EndProject
Global
	GlobalSection(SolutionConfigurationPlatforms) = preSolution
		Debug|Any CPU = Debug|Any CPU
		Release|Any CPU = Release|Any CPU
	EndGlobalSection
	GlobalSection(ProjectConfigurationPlatforms) = postSolution
		{DAC92A17-2408-4304-814F-0AB76761D7B7}.Debug|Any CPU.ActiveCfg = Debug|Any CPU
		{DAC92A17-2408-4304-814F-0AB76761D7B7}.Debug|Any CPU.Build.0 = Debug|Any CPU
		{DAC92A17-2408-4304-814F-0AB76761D7B7}.Release|Any CPU.ActiveCfg = Release|Any CPU
		{DAC92A17-2408-4304-814F-0AB76761D7B7}.Release|Any CPU.Build.0 = Release|Any CPU
		{0B199C5B-076E-4606-83EE-6F357BBEADD6}.Debug|Any CPU.ActiveCfg = Debug|Any CPU
		{0B199C5B-076E-4606-83EE-6F357BBEADD6}.Debug|Any CPU.Build.0 = Debug|Any CPU
		{0B199C5B-076E-4606-83EE-6F357BBEADD6}.Release|Any CPU.ActiveCfg = Release|Any CPU
		{0B199C5B-076E-4606-83EE-6F357BBEADD6}.Release|Any CPU.Build.0 = Release|Any CPU
		{2C2C4045-EE21-42A2-A688-4259C13B2D5C}.Debug|Any CPU.ActiveCfg = Debug|Any CPU
		{2C2C4045-EE21-42A2-A688-4259C13B2D5C}.Debug|Any CPU.Build.0 = Debug|Any CPU
		{2C2C4045-EE21-42A2-A688-4259C13B2D5C}.Release|Any CPU.ActiveCfg = Release|Any CPU
		{2C2C4045-EE21-42A2-A688-4259C13B2D5C}.Release|Any CPU.Build.0 = Release|Any CPU
		{884EDC9B-45CD-49E4-9836-25D606FA2AAA}.Debug|Any CPU.ActiveCfg = Debug|Any CPU
		{884EDC9B-45CD-49E4-9836-25D606FA2AAA}.Debug|Any CPU.Build.0 = Debug|Any CPU
		{884EDC9B-45CD-49E4-9836-25D606FA2AAA}.Release|Any CPU.ActiveCfg = Release|Any CPU
		{884EDC9B-45CD-49E4-9836-25D606FA2AAA}.Release|Any CPU.Build.0 = Release|Any CPU
		{EBF7CA16-76CD-4B00-AA59-648AD9F627CE}.Debug|Any CPU.ActiveCfg = Debug|Any CPU
		{EBF7CA16-76CD-4B00-AA59-648AD9F627CE}.Debug|Any CPU.Build.0 = Debug|Any CPU
		{EBF7CA16-76CD-4B00-AA59-648AD9F627CE}.Release|Any CPU.ActiveCfg = Release|Any CPU
		{EBF7CA16-76CD-4B00-AA59-648AD9F627CE}.Release|Any CPU.Build.0 = Release|Any CPU
		{7E8E2388-505F-4627-BBE4-E5B1D7E97057}.Debug|Any CPU.ActiveCfg = Debug|Any CPU
		{7E8E2388-505F-4627-BBE4-E5B1D7E97057}.Debug|Any CPU.Build.0 = Debug|Any CPU
		{7E8E2388-505F-4627-BBE4-E5B1D7E97057}.Release|Any CPU.ActiveCfg = Release|Any CPU
		{7E8E2388-505F-4627-BBE4-E5B1D7E97057}.Release|Any CPU.Build.0 = Release|Any CPU
		{DC048615-82C2-481B-8AE9-3A8C5DB31FC8}.Debug|Any CPU.ActiveCfg = Debug|Any CPU
		{DC048615-82C2-481B-8AE9-3A8C5DB31FC8}.Debug|Any CPU.Build.0 = Debug|Any CPU
		{DC048615-82C2-481B-8AE9-3A8C5DB31FC8}.Release|Any CPU.ActiveCfg = Release|Any CPU
		{DC048615-82C2-481B-8AE9-3A8C5DB31FC8}.Release|Any CPU.Build.0 = Release|Any CPU
		{A66D1369-B9A5-4146-87CC-9E50A8F979E1}.Debug|Any CPU.ActiveCfg = Debug|Any CPU
		{A66D1369-B9A5-4146-87CC-9E50A8F979E1}.Debug|Any CPU.Build.0 = Debug|Any CPU
		{A66D1369-B9A5-4146-87CC-9E50A8F979E1}.Release|Any CPU.ActiveCfg = Release|Any CPU
		{A66D1369-B9A5-4146-87CC-9E50A8F979E1}.Release|Any CPU.Build.0 = Release|Any CPU
		{781CEEFA-6AA7-49A5-B9E6-40B795F45A7A}.Debug|Any CPU.ActiveCfg = Debug|Any CPU
		{781CEEFA-6AA7-49A5-B9E6-40B795F45A7A}.Debug|Any CPU.Build.0 = Debug|Any CPU
		{781CEEFA-6AA7-49A5-B9E6-40B795F45A7A}.Release|Any CPU.ActiveCfg = Release|Any CPU
		{781CEEFA-6AA7-49A5-B9E6-40B795F45A7A}.Release|Any CPU.Build.0 = Release|Any CPU
		{14252B40-B09B-45D1-9F25-6C61EB077923}.Debug|Any CPU.ActiveCfg = Debug|Any CPU
		{14252B40-B09B-45D1-9F25-6C61EB077923}.Debug|Any CPU.Build.0 = Debug|Any CPU
		{14252B40-B09B-45D1-9F25-6C61EB077923}.Release|Any CPU.ActiveCfg = Release|Any CPU
		{14252B40-B09B-45D1-9F25-6C61EB077923}.Release|Any CPU.Build.0 = Release|Any CPU
	EndGlobalSection
	GlobalSection(SolutionProperties) = preSolution
		HideSolutionNode = FALSE
	EndGlobalSection
	GlobalSection(NestedProjects) = preSolution
		{DAC92A17-2408-4304-814F-0AB76761D7B7} = {525F8337-A70E-4487-B406-8CEF805193DE}
		{525F8337-A70E-4487-B406-8CEF805193DE} = {405071E3-552A-4024-BD37-3CD84124462D}
		{AD72D3E1-DF26-4F5F-84A3-D88ACFC7B691} = {405071E3-552A-4024-BD37-3CD84124462D}
		{81408D3B-D0FE-4AB0-B4B8-8C057C6EB8D2} = {405071E3-552A-4024-BD37-3CD84124462D}
		{0B199C5B-076E-4606-83EE-6F357BBEADD6} = {6689FAEA-F822-4D37-96D7-2709BA68CBD0}
		{2C2C4045-EE21-42A2-A688-4259C13B2D5C} = {6689FAEA-F822-4D37-96D7-2709BA68CBD0}
		{884EDC9B-45CD-49E4-9836-25D606FA2AAA} = {6689FAEA-F822-4D37-96D7-2709BA68CBD0}
		{EBF7CA16-76CD-4B00-AA59-648AD9F627CE} = {6689FAEA-F822-4D37-96D7-2709BA68CBD0}
		{7E8E2388-505F-4627-BBE4-E5B1D7E97057} = {6689FAEA-F822-4D37-96D7-2709BA68CBD0}
		{DC048615-82C2-481B-8AE9-3A8C5DB31FC8} = {6689FAEA-F822-4D37-96D7-2709BA68CBD0}
		{A66D1369-B9A5-4146-87CC-9E50A8F979E1} = {6BDDCC4A-2330-4DE2-80DC-6979910BAEBA}
		{781CEEFA-6AA7-49A5-B9E6-40B795F45A7A} = {6BDDCC4A-2330-4DE2-80DC-6979910BAEBA}
		{14252B40-B09B-45D1-9F25-6C61EB077923} = {0FF935CA-CEC9-49F4-91A4-841CE99192C3}
	EndGlobalSection
	GlobalSection(ExtensibilityGlobals) = postSolution
		SolutionGuid = {4AE2D867-8C73-49BC-A586-847BACDC86C6}
	EndGlobalSection
EndGlobal
