
Microsoft Visual Studio Solution File, Format Version 12.00
# Visual Studio 15
VisualStudioVersion = 15.0.27703.2035
MinimumVisualStudioVersion = 10.0.40219.1
Project("{9A19103F-16F7-4668-BE54-9A1E7A4F7556}") = "Dream.Admin", "Dream.Admin\Dream.Admin.csproj", "{E6718C8C-8A56-498B-96B5-F66BD1EBE580}"
EndProject
Project("{9A19103F-16F7-4668-BE54-9A1E7A4F7556}") = "Dream.ExceptionHandler", "Dream.ExceptionHandler\Dream.ExceptionHandler.csproj", "{39CC23D4-886A-4642-9D2B-3FA99491DCE5}"
EndProject
Project("{9A19103F-16F7-4668-BE54-9A1E7A4F7556}") = "Dream.Logger", "Dream.Logger\Dream.Logger.csproj", "{88FD1E87-1D64-431F-9861-1475BD4AF473}"
EndProject
Project("{9A19103F-16F7-4668-BE54-9A1E7A4F7556}") = "Dream.Model", "Dream.Model\Dream.Model.csproj", "{F714C58F-6873-4A7A-BD72-A723B34D1853}"
EndProject
Project("{9A19103F-16F7-4668-BE54-9A1E7A4F7556}") = "Dream.Security", "Dream.Security\Dream.Security.csproj", "{368457CB-7041-46A3-B5A9-8CDDF53C6751}"
EndProject
Project("{9A19103F-16F7-4668-BE54-9A1E7A4F7556}") = "Dream.Security.Tester", "Dream.Security.Tester\Dream.Security.Tester.csproj", "{B1373BDE-9A5F-4507-B142-E53DFE699D24}"
EndProject
Project("{9A19103F-16F7-4668-BE54-9A1E7A4F7556}") = "Dream.Util", "Dream.Util\Dream.Util.csproj", "{08227FEA-193F-4ADF-B0CA-3A1CFFB5BCFA}"
EndProject
Global
	GlobalSection(SolutionConfigurationPlatforms) = preSolution
		Debug|Any CPU = Debug|Any CPU
		Release|Any CPU = Release|Any CPU
	EndGlobalSection
	GlobalSection(ProjectConfigurationPlatforms) = postSolution
		{E6718C8C-8A56-498B-96B5-F66BD1EBE580}.Debug|Any CPU.ActiveCfg = Debug|Any CPU
		{E6718C8C-8A56-498B-96B5-F66BD1EBE580}.Debug|Any CPU.Build.0 = Debug|Any CPU
		{E6718C8C-8A56-498B-96B5-F66BD1EBE580}.Release|Any CPU.ActiveCfg = Release|Any CPU
		{E6718C8C-8A56-498B-96B5-F66BD1EBE580}.Release|Any CPU.Build.0 = Release|Any CPU
		{39CC23D4-886A-4642-9D2B-3FA99491DCE5}.Debug|Any CPU.ActiveCfg = Debug|Any CPU
		{39CC23D4-886A-4642-9D2B-3FA99491DCE5}.Debug|Any CPU.Build.0 = Debug|Any CPU
		{39CC23D4-886A-4642-9D2B-3FA99491DCE5}.Release|Any CPU.ActiveCfg = Release|Any CPU
		{39CC23D4-886A-4642-9D2B-3FA99491DCE5}.Release|Any CPU.Build.0 = Release|Any CPU
		{88FD1E87-1D64-431F-9861-1475BD4AF473}.Debug|Any CPU.ActiveCfg = Debug|Any CPU
		{88FD1E87-1D64-431F-9861-1475BD4AF473}.Debug|Any CPU.Build.0 = Debug|Any CPU
		{88FD1E87-1D64-431F-9861-1475BD4AF473}.Release|Any CPU.ActiveCfg = Release|Any CPU
		{88FD1E87-1D64-431F-9861-1475BD4AF473}.Release|Any CPU.Build.0 = Release|Any CPU
		{F714C58F-6873-4A7A-BD72-A723B34D1853}.Debug|Any CPU.ActiveCfg = Debug|Any CPU
		{F714C58F-6873-4A7A-BD72-A723B34D1853}.Debug|Any CPU.Build.0 = Debug|Any CPU
		{F714C58F-6873-4A7A-BD72-A723B34D1853}.Release|Any CPU.ActiveCfg = Release|Any CPU
		{F714C58F-6873-4A7A-BD72-A723B34D1853}.Release|Any CPU.Build.0 = Release|Any CPU
		{368457CB-7041-46A3-B5A9-8CDDF53C6751}.Debug|Any CPU.ActiveCfg = Debug|Any CPU
		{368457CB-7041-46A3-B5A9-8CDDF53C6751}.Debug|Any CPU.Build.0 = Debug|Any CPU
		{368457CB-7041-46A3-B5A9-8CDDF53C6751}.Release|Any CPU.ActiveCfg = Release|Any CPU
		{368457CB-7041-46A3-B5A9-8CDDF53C6751}.Release|Any CPU.Build.0 = Release|Any CPU
		{B1373BDE-9A5F-4507-B142-E53DFE699D24}.Debug|Any CPU.ActiveCfg = Debug|Any CPU
		{B1373BDE-9A5F-4507-B142-E53DFE699D24}.Debug|Any CPU.Build.0 = Debug|Any CPU
		{B1373BDE-9A5F-4507-B142-E53DFE699D24}.Release|Any CPU.ActiveCfg = Release|Any CPU
		{B1373BDE-9A5F-4507-B142-E53DFE699D24}.Release|Any CPU.Build.0 = Release|Any CPU
		{08227FEA-193F-4ADF-B0CA-3A1CFFB5BCFA}.Debug|Any CPU.ActiveCfg = Debug|Any CPU
		{08227FEA-193F-4ADF-B0CA-3A1CFFB5BCFA}.Debug|Any CPU.Build.0 = Debug|Any CPU
		{08227FEA-193F-4ADF-B0CA-3A1CFFB5BCFA}.Release|Any CPU.ActiveCfg = Release|Any CPU
		{08227FEA-193F-4ADF-B0CA-3A1CFFB5BCFA}.Release|Any CPU.Build.0 = Release|Any CPU
	EndGlobalSection
	GlobalSection(SolutionProperties) = preSolution
		HideSolutionNode = FALSE
	EndGlobalSection
	GlobalSection(ExtensibilityGlobals) = postSolution
		SolutionGuid = {CF2103A2-2C7C-4C51-8DCB-3061DFD58628}
	EndGlobalSection
EndGlobal
